
Microsoft Visual Studio Solution File, Format Version 12.00
# Visual Studio 15
VisualStudioVersion = 15.0.27703.2042
MinimumVisualStudioVersion = 10.0.40219.1
Project("{F184B08F-C81C-45F6-A57F-5ABD9991F28F}") = "SampleThreeTier", "SampleThreeTier\SampleThreeTier.vbproj", "{2F7B9C71-41EE-43A8-A8E4-5657D1982E55}"
EndProject
Project("{F184B08F-C81C-45F6-A57F-5ABD9991F28F}") = "Model", "Model\Model.vbproj", "{2CE71402-519D-428F-B843-5C6D08232C49}"
EndProject
Project("{F184B08F-C81C-45F6-A57F-5ABD9991F28F}") = "DAL", "DAL\DAL.vbproj", "{79422545-507D-49C4-A861-E49F6338A001}"
EndProject
Project("{F184B08F-C81C-45F6-A57F-5ABD9991F28F}") = "BL", "BL\BL.vbproj", "{C49C5ADD-5CD1-4F32-9FB3-081D6765325A}"
EndProject
Global
	GlobalSection(SolutionConfigurationPlatforms) = preSolution
		Debug|Any CPU = Debug|Any CPU
		Release|Any CPU = Release|Any CPU
	EndGlobalSection
	GlobalSection(ProjectConfigurationPlatforms) = postSolution
		{2F7B9C71-41EE-43A8-A8E4-5657D1982E55}.Debug|Any CPU.ActiveCfg = Debug|Any CPU
		{2F7B9C71-41EE-43A8-A8E4-5657D1982E55}.Debug|Any CPU.Build.0 = Debug|Any CPU
		{2F7B9C71-41EE-43A8-A8E4-5657D1982E55}.Release|Any CPU.ActiveCfg = Release|Any CPU
		{2F7B9C71-41EE-43A8-A8E4-5657D1982E55}.Release|Any CPU.Build.0 = Release|Any CPU
		{2CE71402-519D-428F-B843-5C6D08232C49}.Debug|Any CPU.ActiveCfg = Debug|Any CPU
		{2CE71402-519D-428F-B843-5C6D08232C49}.Debug|Any CPU.Build.0 = Debug|Any CPU
		{2CE71402-519D-428F-B843-5C6D08232C49}.Release|Any CPU.ActiveCfg = Release|Any CPU
		{2CE71402-519D-428F-B843-5C6D08232C49}.Release|Any CPU.Build.0 = Release|Any CPU
		{79422545-507D-49C4-A861-E49F6338A001}.Debug|Any CPU.ActiveCfg = Debug|Any CPU
		{79422545-507D-49C4-A861-E49F6338A001}.Debug|Any CPU.Build.0 = Debug|Any CPU
		{79422545-507D-49C4-A861-E49F6338A001}.Release|Any CPU.ActiveCfg = Release|Any CPU
		{79422545-507D-49C4-A861-E49F6338A001}.Release|Any CPU.Build.0 = Release|Any CPU
		{C49C5ADD-5CD1-4F32-9FB3-081D6765325A}.Debug|Any CPU.ActiveCfg = Debug|Any CPU
		{C49C5ADD-5CD1-4F32-9FB3-081D6765325A}.Debug|Any CPU.Build.0 = Debug|Any CPU
		{C49C5ADD-5CD1-4F32-9FB3-081D6765325A}.Release|Any CPU.ActiveCfg = Release|Any CPU
		{C49C5ADD-5CD1-4F32-9FB3-081D6765325A}.Release|Any CPU.Build.0 = Release|Any CPU
	EndGlobalSection
	GlobalSection(SolutionProperties) = preSolution
		HideSolutionNode = FALSE
	EndGlobalSection
	GlobalSection(ExtensibilityGlobals) = postSolution
		SolutionGuid = {B548100C-D2E0-4F60-91C1-F8EECD95F932}
	EndGlobalSection
EndGlobal
